
Microsoft Visual Studio Solution File, Format Version 12.00
# Visual Studio 15
VisualStudioVersion = 15.0.28010.2046
MinimumVisualStudioVersion = 10.0.40219.1
Project("{9A19103F-16F7-4668-BE54-9A1E7A4F7556}") = "Loclandes", "Loclandes\Loclandes.csproj", "{8194AE62-EB7F-4C5C-8A43-7084C2703545}"
EndProject
Project("{FAE04EC0-301F-11D3-BF4B-00C04F79EFBC}") = "Loclandes.data", "Loclandes.data\Loclandes.data.csproj", "{5C2C3A94-B714-4C90-883C-C2CD4284E084}"
EndProject
Global
	GlobalSection(SolutionConfigurationPlatforms) = preSolution
		Debug|Any CPU = Debug|Any CPU
		Release|Any CPU = Release|Any CPU
	EndGlobalSection
	GlobalSection(ProjectConfigurationPlatforms) = postSolution
		{8194AE62-EB7F-4C5C-8A43-7084C2703545}.Debug|Any CPU.ActiveCfg = Debug|Any CPU
		{8194AE62-EB7F-4C5C-8A43-7084C2703545}.Debug|Any CPU.Build.0 = Debug|Any CPU
		{8194AE62-EB7F-4C5C-8A43-7084C2703545}.Release|Any CPU.ActiveCfg = Release|Any CPU
		{8194AE62-EB7F-4C5C-8A43-7084C2703545}.Release|Any CPU.Build.0 = Release|Any CPU
		{5C2C3A94-B714-4C90-883C-C2CD4284E084}.Debug|Any CPU.ActiveCfg = Debug|Any CPU
		{5C2C3A94-B714-4C90-883C-C2CD4284E084}.Debug|Any CPU.Build.0 = Debug|Any CPU
		{5C2C3A94-B714-4C90-883C-C2CD4284E084}.Release|Any CPU.ActiveCfg = Release|Any CPU
		{5C2C3A94-B714-4C90-883C-C2CD4284E084}.Release|Any CPU.Build.0 = Release|Any CPU
	EndGlobalSection
	GlobalSection(SolutionProperties) = preSolution
		HideSolutionNode = FALSE
	EndGlobalSection
	GlobalSection(ExtensibilityGlobals) = postSolution
		SolutionGuid = {D89C0323-ABE9-489D-84B7-C593747C745A}
	EndGlobalSection
EndGlobal
